
Microsoft Visual Studio Solution File, Format Version 12.00
# Visual Studio 15
VisualStudioVersion = 15.0.28010.2050
MinimumVisualStudioVersion = 10.0.40219.1
Project("{FAE04EC0-301F-11D3-BF4B-00C04F79EFBC}") = "Bolao.Pinheiros", "Bolao.Pinheiros\Bolao.Pinheiros.csproj", "{62CEF21F-0D71-4B6B-888E-3E9308BE3FB4}"
EndProject
Global
	GlobalSection(SolutionConfigurationPlatforms) = preSolution
		Debug|Any CPU = Debug|Any CPU
		Release|Any CPU = Release|Any CPU
	EndGlobalSection
	GlobalSection(ProjectConfigurationPlatforms) = postSolution
		{62CEF21F-0D71-4B6B-888E-3E9308BE3FB4}.Debug|Any CPU.ActiveCfg = Debug|Any CPU
		{62CEF21F-0D71-4B6B-888E-3E9308BE3FB4}.Debug|Any CPU.Build.0 = Debug|Any CPU
		{62CEF21F-0D71-4B6B-888E-3E9308BE3FB4}.Release|Any CPU.ActiveCfg = Release|Any CPU
		{62CEF21F-0D71-4B6B-888E-3E9308BE3FB4}.Release|Any CPU.Build.0 = Release|Any CPU
	EndGlobalSection
	GlobalSection(SolutionProperties) = preSolution
		HideSolutionNode = FALSE
	EndGlobalSection
	GlobalSection(ExtensibilityGlobals) = postSolution
		SolutionGuid = {D3B5C0E4-E4B1-4A67-A370-AB290949C475}
	EndGlobalSection
EndGlobal
